
Microsoft Visual Studio Solution File, Format Version 12.00
# Visual Studio Version 16
VisualStudioVersion = 16.0.31624.102
MinimumVisualStudioVersion = 10.0.40219.1
Project("{FAE04EC0-301F-11D3-BF4B-00C04F79EFBC}") = "OnlineJudgeWebApp", "OnlineJudgeWebApp\OnlineJudgeWebApp.csproj", "{09625B4F-EB09-4D28-87ED-A6F18B54731A}"
EndProject
Global
	GlobalSection(SolutionConfigurationPlatforms) = preSolution
		Debug|Any CPU = Debug|Any CPU
		Release|Any CPU = Release|Any CPU
	EndGlobalSection
	GlobalSection(ProjectConfigurationPlatforms) = postSolution
		{09625B4F-EB09-4D28-87ED-A6F18B54731A}.Debug|Any CPU.ActiveCfg = Debug|Any CPU
		{09625B4F-EB09-4D28-87ED-A6F18B54731A}.Debug|Any CPU.Build.0 = Debug|Any CPU
		{09625B4F-EB09-4D28-87ED-A6F18B54731A}.Release|Any CPU.ActiveCfg = Release|Any CPU
		{09625B4F-EB09-4D28-87ED-A6F18B54731A}.Release|Any CPU.Build.0 = Release|Any CPU
	EndGlobalSection
	GlobalSection(SolutionProperties) = preSolution
		HideSolutionNode = FALSE
	EndGlobalSection
	GlobalSection(ExtensibilityGlobals) = postSolution
		SolutionGuid = {0B48BC72-B768-43FA-9D59-6FD313B1D148}
	EndGlobalSection
EndGlobal
